
Microsoft Visual Studio Solution File, Format Version 12.00
# Visual Studio Express 2012 for Windows Desktop
Project("{FAE04EC0-301F-11D3-BF4B-00C04F79EFBC}") = "Exam uni 4 Grafo", "Exam uni 4 Grafo\Exam uni 4 Grafo.csproj", "{AD2CCCDA-F106-4F55-A437-4C28CDD67FD3}"
EndProject
Global
	GlobalSection(SolutionConfigurationPlatforms) = preSolution
		Debug|Any CPU = Debug|Any CPU
		Release|Any CPU = Release|Any CPU
	EndGlobalSection
	GlobalSection(ProjectConfigurationPlatforms) = postSolution
		{AD2CCCDA-F106-4F55-A437-4C28CDD67FD3}.Debug|Any CPU.ActiveCfg = Debug|Any CPU
		{AD2CCCDA-F106-4F55-A437-4C28CDD67FD3}.Debug|Any CPU.Build.0 = Debug|Any CPU
		{AD2CCCDA-F106-4F55-A437-4C28CDD67FD3}.Release|Any CPU.ActiveCfg = Release|Any CPU
		{AD2CCCDA-F106-4F55-A437-4C28CDD67FD3}.Release|Any CPU.Build.0 = Release|Any CPU
	EndGlobalSection
	GlobalSection(SolutionProperties) = preSolution
		HideSolutionNode = FALSE
	EndGlobalSection
EndGlobal
